
Microsoft Visual Studio Solution File, Format Version 12.00
# Visual Studio 15
VisualStudioVersion = 15.0.28010.2026
MinimumVisualStudioVersion = 10.0.40219.1
Project("{FAE04EC0-301F-11D3-BF4B-00C04F79EFBC}") = "GnuPlotTestDotNet", "GnuPlotTestDotNet\GnuPlotTestDotNet.csproj", "{FFFB287E-2123-455F-B04E-D39779889041}"
EndProject
Global
	GlobalSection(SolutionConfigurationPlatforms) = preSolution
		Debug|Any CPU = Debug|Any CPU
		Release|Any CPU = Release|Any CPU
	EndGlobalSection
	GlobalSection(ProjectConfigurationPlatforms) = postSolution
		{FFFB287E-2123-455F-B04E-D39779889041}.Debug|Any CPU.ActiveCfg = Debug|Any CPU
		{FFFB287E-2123-455F-B04E-D39779889041}.Debug|Any CPU.Build.0 = Debug|Any CPU
		{FFFB287E-2123-455F-B04E-D39779889041}.Release|Any CPU.ActiveCfg = Release|Any CPU
		{FFFB287E-2123-455F-B04E-D39779889041}.Release|Any CPU.Build.0 = Release|Any CPU
	EndGlobalSection
	GlobalSection(SolutionProperties) = preSolution
		HideSolutionNode = FALSE
	EndGlobalSection
	GlobalSection(ExtensibilityGlobals) = postSolution
		SolutionGuid = {AA4FB5FC-ADB2-46CD-9231-2E7581F75E33}
	EndGlobalSection
EndGlobal
